
Microsoft Visual Studio Solution File, Format Version 12.00
# Visual Studio Version 16
VisualStudioVersion = 16.0.31911.196
MinimumVisualStudioVersion = 10.0.40219.1
Project("{FAE04EC0-301F-11D3-BF4B-00C04F79EFBC}") = "InsertTableData", "InsertTableData\InsertTableData.csproj", "{EA89CF8E-D7FE-47AD-A12C-CAF178BADB9B}"
EndProject
Global
	GlobalSection(SolutionConfigurationPlatforms) = preSolution
		Debug|Any CPU = Debug|Any CPU
		Release|Any CPU = Release|Any CPU
	EndGlobalSection
	GlobalSection(ProjectConfigurationPlatforms) = postSolution
		{EA89CF8E-D7FE-47AD-A12C-CAF178BADB9B}.Debug|Any CPU.ActiveCfg = Debug|Any CPU
		{EA89CF8E-D7FE-47AD-A12C-CAF178BADB9B}.Debug|Any CPU.Build.0 = Debug|Any CPU
		{EA89CF8E-D7FE-47AD-A12C-CAF178BADB9B}.Release|Any CPU.ActiveCfg = Release|Any CPU
		{EA89CF8E-D7FE-47AD-A12C-CAF178BADB9B}.Release|Any CPU.Build.0 = Release|Any CPU
	EndGlobalSection
	GlobalSection(SolutionProperties) = preSolution
		HideSolutionNode = FALSE
	EndGlobalSection
	GlobalSection(ExtensibilityGlobals) = postSolution
		SolutionGuid = {53C37431-DC93-4D78-BEED-7DCA747AB6A6}
	EndGlobalSection
EndGlobal
